// !$*UTF8*$!
{
	archiveVersion = 1;
	classes = {
	};
	objectVersion = 46;
	objects = {

/* Begin PBXBuildFile section */
		EA2677521E70326000143981 /* DemoURL.swift in Sources */ = {isa = PBXBuildFile; fileRef = EA2677511E70326000143981 /* DemoURL.swift */; };
		EAACBCE31E76D90400DC5018 /* CassiniViewController.swift in Sources */ = {isa = PBXBuildFile; fileRef = EAACBCE21E76D90400DC5018 /* CassiniViewController.swift */; };
		EAC422671E702BF900C4AA03 /* AppDelegate.swift in Sources */ = {isa = PBXBuildFile; fileRef = EAC422661E702BF900C4AA03 /* AppDelegate.swift */; };
		EAC4226C1E702BF900C4AA03 /* Main.storyboard in Resources */ = {isa = PBXBuildFile; fileRef = EAC4226A1E702BF900C4AA03 /* Main.storyboard */; };
		EAC4226E1E702BF900C4AA03 /* Assets.xcassets in Resources */ = {isa = PBXBuildFile; fileRef = EAC4226D1E702BF900C4AA03 /* Assets.xcassets */; };
		EAC422711E702BF900C4AA03 /* LaunchScreen.storyboard in Resources */ = {isa = PBXBuildFile; fileRef = EAC4226F1E702BF900C4AA03 /* LaunchScreen.storyboard */; };
		EAC4227C1E702C8700C4AA03 /* ImageViewController.swift in Sources */ = {isa = PBXBuildFile; fileRef = EAC4227B1E702C8700C4AA03 /* ImageViewController.swift */; };
/* End PBXBuildFile section */

/* Begin PBXFileReference section */
		EA2677511E70326000143981 /* DemoURL.swift */ = {isa = PBXFileReference; fileEncoding = 4; lastKnownFileType = sourcecode.swift; path = DemoURL.swift; sourceTree = "<group>"; };
		EAACBCE21E76D90400DC5018 /* CassiniViewController.swift */ = {isa = PBXFileReference; fileEncoding = 4; lastKnownFileType = sourcecode.swift; path = CassiniViewController.swift; sourceTree = "<group>"; };
		EAC422631E702BF900C4AA03 /* Cassini.app */ = {isa = PBXFileReference; explicitFileType = wrapper.application; includeInIndex = 0; path = Cassini.app; sourceTree = BUILT_PRODUCTS_DIR; };
		EAC422661E702BF900C4AA03 /* AppDelegate.swift */ = {isa = PBXFileReference; lastKnownFileType = sourcecode.swift; path = AppDelegate.swift; sourceTree = "<group>"; };
		EAC4226B1E702BF900C4AA03 /* Base */ = {isa = PBXFileReference; lastKnownFileType = file.storyboard; name = Base; path = Base.lproj/Main.storyboard; sourceTree = "<group>"; };
		EAC4226D1E702BF900C4AA03 /* Assets.xcassets */ = {isa = PBXFileReference; lastKnownFileType = folder.assetcatalog; path = Assets.xcassets; sourceTree = "<group>"; };
		EAC422701E702BF900C4AA03 /* Base */ = {isa = PBXFileReference; lastKnownFileType = file.storyboard; name = Base; path = Base.lproj/LaunchScreen.storyboard; sourceTree = "<group>"; };
		EAC422721E702BF900C4AA03 /* Info.plist */ = {isa = PBXFileReference; lastKnownFileType = text.plist.xml; path = Info.plist; sourceTree = "<group>"; };
		EAC4227B1E702C8700C4AA03 /* ImageViewController.swift */ = {isa = PBXFileReference; fileEncoding = 4; lastKnownFileType = sourcecode.swift; path = ImageViewController.swift; sourceTree = "<group>"; };
/* End PBXFileReference section */

/* Begin PBXFrameworksBuildPhase section */
		EAC422601E702BF900C4AA03 /* Frameworks */ = {
			isa = PBXFrameworksBuildPhase;
			buildActionMask = 2147483647;
			files = (
			);
			runOnlyForDeploymentPostprocessing = 0;
		};
/* End PBXFrameworksBuildPhase section */

/* Begin PBXGroup section */
		EAC4225A1E702BF900C4AA03 = {
			isa = PBXGroup;
			children = (
				EAC422651E702BF900C4AA03 /* Cassini */,
				EAC422641E702BF900C4AA03 /* Products */,
			);
			sourceTree = "<group>";
		};
		EAC422641E702BF900C4AA03 /* Products */ = {
			isa = PBXGroup;
			children = (
				EAC422631E702BF900C4AA03 /* Cassini.app */,
			);
			name = Products;
			sourceTree = "<group>";
		};
		EAC422651E702BF900C4AA03 /* Cassini */ = {
			isa = PBXGroup;
			children = (
				EAC4226A1E702BF900C4AA03 /* Main.storyboard */,
				EAACBCE21E76D90400DC5018 /* CassiniViewController.swift */,
				EAC4227B1E702C8700C4AA03 /* ImageViewController.swift */,
				EA2677511E70326000143981 /* DemoURL.swift */,
				EAC422721E702BF900C4AA03 /* Info.plist */,
				EAC422781E702C0900C4AA03 /* Supporting Files */,
			);
			path = Cassini;
			sourceTree = "<group>";
		};
		EAC422781E702C0900C4AA03 /* Supporting Files */ = {
			isa = PBXGroup;
			children = (
				EAC422661E702BF900C4AA03 /* AppDelegate.swift */,
				EAC4226D1E702BF900C4AA03 /* Assets.xcassets */,
				EAC4226F1E702BF900C4AA03 /* LaunchScreen.storyboard */,
			);
			name = "Supporting Files";
			sourceTree = "<group>";
		};
/* End PBXGroup section */

/* Begin PBXNativeTarget section */
		EAC422621E702BF900C4AA03 /* Cassini */ = {
			isa = PBXNativeTarget;
			buildConfigurationList = EAC422751E702BF900C4AA03 /* Build configuration list for PBXNativeTarget "Cassini" */;
			buildPhases = (
				EAC4225F1E702BF900C4AA03 /* Sources */,
				EAC422601E702BF900C4AA03 /* Frameworks */,
				EAC422611E702BF900C4AA03 /* Resources */,
				EAE8AC8A1E7050C700156570 /* ShellScript */,
			);
			buildRules = (
			);
			dependencies = (
			);
			name = Cassini;
			productName = Cassini;
			productReference = EAC422631E702BF900C4AA03 /* Cassini.app */;
			productType = "com.apple.product-type.application";
		};
/* End PBXNativeTarget section */

/* Begin PBXProject section */
		EAC4225B1E702BF900C4AA03 /* Project object */ = {
			isa = PBXProject;
			attributes = {
				LastSwiftUpdateCheck = 0820;
				LastUpgradeCheck = 0820;
				ORGANIZATIONNAME = "Michel Deiman";
				TargetAttributes = {
					EAC422621E702BF900C4AA03 = {
						CreatedOnToolsVersion = 8.2.1;
						DevelopmentTeam = X9669MJ564;
						ProvisioningStyle = Automatic;
					};
				};
			};
			buildConfigurationList = EAC4225E1E702BF900C4AA03 /* Build configuration list for PBXProject "Cassini" */;
			compatibilityVersion = "Xcode 3.2";
			developmentRegion = English;
			hasScannedForEncodings = 0;
			knownRegions = (
				en,
				Base,
			);
			mainGroup = EAC4225A1E702BF900C4AA03;
			productRefGroup = EAC422641E702BF900C4AA03 /* Products */;
			projectDirPath = "";
			projectRoot = "";
			targets = (
				EAC422621E702BF900C4AA03 /* Cassini */,
			);
		};
/* End PBXProject section */

/* Begin PBXResourcesBuildPhase section */
		EAC422611E702BF900C4AA03 /* Resources */ = {
			isa = PBXResourcesBuildPhase;
			buildActionMask = 2147483647;
			files = (
				EAC422711E702BF900C4AA03 /* LaunchScreen.storyboard in Resources */,
				EAC4226E1E702BF900C4AA03 /* Assets.xcassets in Resources */,
				EAC4226C1E702BF900C4AA03 /* Main.storyboard in Resources */,
			);
			runOnlyForDeploymentPostprocessing = 0;
		};
/* End PBXResourcesBuildPhase section */

/* Begin PBXShellScriptBuildPhase section */
		EAE8AC8A1E7050C700156570 /* ShellScript */ = {
			isa = PBXShellScriptBuildPhase;
			buildActionMask = 2147483647;
			files = (
			);
			inputPaths = (
			);
			outputPaths = (
			);
			runOnlyForDeploymentPostprocessing = 0;
			shellPath = /bin/sh;
			shellScript = "TAGS=\"TODO:|FIXME:\"\necho \"searching ${SRCROOT} for ${TAGS}\"\nfind \"${SRCROOT}\" \\( -name \"*.swift\" \\) -print0 | xargs -0 egrep --with-filename --line-number --only-matching \"($TAGS).*\\$\" | perl -p -e \"s/($TAGS)/ warning: \\$1/\"";
		};
/* End PBXShellScriptBuildPhase section */

/* Begin PBXSourcesBuildPhase section */
		EAC4225F1E702BF900C4AA03 /* Sources */ = {
			isa = PBXSourcesBuildPhase;
			buildActionMask = 2147483647;
			files = (
				EAC4227C1E702C8700C4AA03 /* ImageViewController.swift in Sources */,
				EAC422671E702BF900C4AA03 /* AppDelegate.swift in Sources */,
				EA2677521E70326000143981 /* DemoURL.swift in Sources */,
				EAACBCE31E76D90400DC5018 /* CassiniViewController.swift in Sources */,
			);
			runOnlyForDeploymentPostprocessing = 0;
		};
/* End PBXSourcesBuildPhase section */

/* Begin PBXVariantGroup section */
		EAC4226A1E702BF900C4AA03 /* Main.storyboard */ = {
			isa = PBXVariantGroup;
			children = (
				EAC4226B1E702BF900C4AA03 /* Base */,
			);
			name = Main.storyboard;
			sourceTree = "<group>";
		};
		EAC4226F1E702BF900C4AA03 /* LaunchScreen.storyboard */ = {
			isa = PBXVariantGroup;
			children = (
				EAC422701E702BF900C4AA03 /* Base */,
			);
			name = LaunchScreen.storyboard;
			sourceTree = "<group>";
		};
/* End PBXVariantGroup section */

/* Begin XCBuildConfiguration section */
		EAC422731E702BF900C4AA03 /* Debug */ = {
			isa = XCBuildConfiguration;
			buildSettings = {
				ALWAYS_SEARCH_USER_PATHS = NO;
				CLANG_ANALYZER_NONNULL = YES;
				CLANG_CXX_LANGUAGE_STANDARD = "gnu++0x";
				CLANG_CXX_LIBRARY = "libc++";
				CLANG_ENABLE_MODULES = YES;
				CLANG_ENABLE_OBJC_ARC = YES;
				CLANG_WARN_BOOL_CONVERSION = YES;
				CLANG_WARN_CONSTANT_CONVERSION = YES;
				CLANG_WARN_DIRECT_OBJC_ISA_USAGE = YES_ERROR;
				CLANG_WARN_DOCUMENTATION_COMMENTS = YES;
				CLANG_WARN_EMPTY_BODY = YES;
				CLANG_WARN_ENUM_CONVERSION = YES;
				CLANG_WARN_INFINITE_RECURSION = YES;
				CLANG_WARN_INT_CONVERSION = YES;
				CLANG_WARN_OBJC_ROOT_CLASS = YES_ERROR;
				CLANG_WARN_SUSPICIOUS_MOVE = YES;
				CLANG_WARN_UNREACHABLE_CODE = YES;
				CLANG_WARN__DUPLICATE_METHOD_MATCH = YES;
				"CODE_SIGN_IDENTITY[sdk=iphoneos*]" = "iPhone Developer";
				COPY_PHASE_STRIP = NO;
				DEBUG_INFORMATION_FORMAT = dwarf;
				ENABLE_STRICT_OBJC_MSGSEND = YES;
				ENABLE_TESTABILITY = YES;
				GCC_C_LANGUAGE_STANDARD = gnu99;
				GCC_DYNAMIC_NO_PIC = NO;
				GCC_NO_COMMON_BLOCKS = YES;
				GCC_OPTIMIZATION_LEVEL = 0;
				GCC_PREPROCESSOR_DEFINITIONS = (
					"DEBUG=1",
					"$(inherited)",
				);
				GCC_WARN_64_TO_32_BIT_CONVERSION = YES;
				GCC_WARN_ABOUT_RETURN_TYPE = YES_ERROR;
				GCC_WARN_UNDECLARED_SELECTOR = YES;
				GCC_WARN_UNINITIALIZED_AUTOS = YES_AGGRESSIVE;
				GCC_WARN_UNUSED_FUNCTION = YES;
				GCC_WARN_UNUSED_VARIABLE = YES;
				IPHONEOS_DEPLOYMENT_TARGET = 10.2;
				MTL_ENABLE_DEBUG_INFO = YES;
				ONLY_ACTIVE_ARCH = YES;
				SDKROOT = iphoneos;
				SWIFT_ACTIVE_COMPILATION_CONDITIONS = DEBUG;
				SWIFT_OPTIMIZATION_LEVEL = "-Onone";
				TARGETED_DEVICE_FAMILY = "1,2";
			};
			name = Debug;
		};
		EAC422741E702BF900C4AA03 /* Release */ = {
			isa = XCBuildConfiguration;
			buildSettings = {
				ALWAYS_SEARCH_USER_PATHS = NO;
				CLANG_ANALYZER_NONNULL = YES;
				CLANG_CXX_LANGUAGE_STANDARD = "gnu++0x";
				CLANG_CXX_LIBRARY = "libc++";
				CLANG_ENABLE_MODULES = YES;
				CLANG_ENABLE_OBJC_ARC = YES;
				CLANG_WARN_BOOL_CONVERSION = YES;
				CLANG_WARN_CONSTANT_CONVERSION = YES;
				CLANG_WARN_DIRECT_OBJC_ISA_USAGE = YES_ERROR;
				CLANG_WARN_DOCUMENTATION_COMMENTS = YES;
				CLANG_WARN_EMPTY_BODY = YES;
				CLANG_WARN_ENUM_CONVERSION = YES;
				CLANG_WARN_INFINITE_RECURSION = YES;
				CLANG_WARN_INT_CONVERSION = YES;
				CLANG_WARN_OBJC_ROOT_CLASS = YES_ERROR;
				CLANG_WARN_SUSPICIOUS_MOVE = YES;
				CLANG_WARN_UNREACHABLE_CODE = YES;
				CLANG_WARN__DUPLICATE_METHOD_MATCH = YES;
				"CODE_SIGN_IDENTITY[sdk=iphoneos*]" = "iPhone Developer";
				COPY_PHASE_STRIP = NO;
				DEBUG_INFORMATION_FORMAT = "dwarf-with-dsym";
				ENABLE_NS_ASSERTIONS = NO;
				ENABLE_STRICT_OBJC_MSGSEND = YES;
				GCC_C_LANGUAGE_STANDARD = gnu99;
				GCC_NO_COMMON_BLOCKS = YES;
				GCC_WARN_64_TO_32_BIT_CONVERSION = YES;
				GCC_WARN_ABOUT_RETURN_TYPE = YES_ERROR;
				GCC_WARN_UNDECLARED_SELECTOR = YES;
				GCC_WARN_UNINITIALIZED_AUTOS = YES_AGGRESSIVE;
				GCC_WARN_UNUSED_FUNCTION = YES;
				GCC_WARN_UNUSED_VARIABLE = YES;
				IPHONEOS_DEPLOYMENT_TARGET = 10.2;
				MTL_ENABLE_DEBUG_INFO = NO;
				SDKROOT = iphoneos;
				SWIFT_OPTIMIZATION_LEVEL = "-Owholemodule";
				TARGETED_DEVICE_FAMILY = "1,2";
				VALIDATE_PRODUCT = YES;
			};
			name = Release;
		};
		EAC422761E702BF900C4AA03 /* Debug */ = {
			isa = XCBuildConfiguration;
			buildSettings = {
				ASSETCATALOG_COMPILER_APPICON_NAME = AppIcon;
				DEVELOPMENT_TEAM = X9669MJ564;
				INFOPLIST_FILE = Cassini/Info.plist;
				LD_RUNPATH_SEARCH_PATHS = "$(inherited) @executable_path/Frameworks";
				PRODUCT_BUNDLE_IDENTIFIER = com.chyiyaqing.gmail.Cassini;
				PRODUCT_NAME = "$(TARGET_NAME)";
				SWIFT_VERSION = 3.0;
			};
			name = Debug;
		};
		EAC422771E702BF900C4AA03 /* Release */ = {
			isa = XCBuildConfiguration;
			buildSettings = {
				ASSETCATALOG_COMPILER_APPICON_NAME = AppIcon;
				DEVELOPMENT_TEAM = X9669MJ564;
				INFOPLIST_FILE = Cassini/Info.plist;
				LD_RUNPATH_SEARCH_PATHS = "$(inherited) @executable_path/Frameworks";
				PRODUCT_BUNDLE_IDENTIFIER = com.chyiyaqing.gmail.Cassini;
				PRODUCT_NAME = "$(TARGET_NAME)";
				SWIFT_VERSION = 3.0;
			};
			name = Release;
		};
/* End XCBuildConfiguration section */

/* Begin XCConfigurationList section */
		EAC4225E1E702BF900C4AA03 /* Build configuration list for PBXProject "Cassini" */ = {
			isa = XCConfigurationList;
			buildConfigurations = (
				EAC422731E702BF900C4AA03 /* Debug */,
				EAC422741E702BF900C4AA03 /* Release */,
			);
			defaultConfigurationIsVisible = 0;
			defaultConfigurationName = Release;
		};
		EAC422751E702BF900C4AA03 /* Build configuration list for PBXNativeTarget "Cassini" */ = {
			isa = XCConfigurationList;
			buildConfigurations = (
				EAC422761E702BF900C4AA03 /* Debug */,
				EAC422771E702BF900C4AA03 /* Release */,
			);
			defaultConfigurationIsVisible = 0;
			defaultConfigurationName = Release;
		};
/* End XCConfigurationList section */
	};
	rootObject = EAC4225B1E702BF900C4AA03 /* Project object */;
}
